{
  "name": "static",
  "lockfileVersion": 2,
  "requires": true,
  "packages": {
    "": {
      "dependencies": {
        "jsm": "^0.0.1",
        "three": "^0.135.0"
      }
    },
    "node_modules/concentrate": {
      "version": "0.2.3",
      "resolved": "https://registry.npmjs.org/concentrate/-/concentrate-0.2.3.tgz",
      "integrity": "sha1-+XoCBlIcLXxFFxtkz8TW+LYwJUI=",
      "engines": {
        "node": "~0.10.0"
      }
    },
    "node_modules/jsm": {
      "version": "0.0.1",
      "resolved": "https://registry.npmjs.org/jsm/-/jsm-0.0.1.tgz",
      "integrity": "sha1-c0wgBej0HtQNMUoxApAnmZNkMzU=",
      "dependencies": {
        "concentrate": "~0.2.2"
      },
      "bin": {
        "jsm-assemble": "bin/assemble.js",
        "jsm-execute": "bin/execute.js"
      }
    },
    "node_modules/three": {
      "version": "0.135.0",
      "resolved": "https://registry.npmjs.org/three/-/three-0.135.0.tgz",
      "integrity": "sha512-kuEpuuxRzLv0MDsXai9huCxOSQPZ4vje6y0gn80SRmQvgz6/+rI0NAvCRAw56zYaWKMGMfqKWsxF9Qa2Z9xymQ=="
    }
  },
  "dependencies": {
    "concentrate": {
      "version": "0.2.3",
      "resolved": "https://registry.npmjs.org/concentrate/-/concentrate-0.2.3.tgz",
      "integrity": "sha1-+XoCBlIcLXxFFxtkz8TW+LYwJUI="
    },
    "jsm": {
      "version": "0.0.1",
      "resolved": "https://registry.npmjs.org/jsm/-/jsm-0.0.1.tgz",
      "integrity": "sha1-c0wgBej0HtQNMUoxApAnmZNkMzU=",
      "requires": {
        "concentrate": "~0.2.2"
      }
    },
    "three": {
      "version": "0.135.0",
      "resolved": "https://registry.npmjs.org/three/-/three-0.135.0.tgz",
      "integrity": "sha512-kuEpuuxRzLv0MDsXai9huCxOSQPZ4vje6y0gn80SRmQvgz6/+rI0NAvCRAw56zYaWKMGMfqKWsxF9Qa2Z9xymQ=="
    }
  }
}
